# THIS IS AN AUTOGENERATED FILE. DO NOT EDIT THIS FILE DIRECTLY.
# yarn lockfile v1


"@types/rfdc@^1.1.0":
  version "1.1.0"
  resolved "https://registry.yarnpkg.com/@types/rfdc/-/rfdc-1.1.0.tgz#1fc5ffdc679575e2ca31399d4ee75f353afdd37b"
  integrity sha512-Ez0Pc0H6m8C2L3Wif9SR5YlJTB/UnZIq0N9G/dPB2fmGo42oLo95o73hHHtoGvUucMD4OdlquscflSuKCZE8qA==

"@types/uuid@^7.0.2":
  version "7.0.2"
  resolved "https://registry.yarnpkg.com/@types/uuid/-/uuid-7.0.2.tgz#d680a9c596ef84abf5c4c07a32ffd66d582526f8"
  integrity sha512-8Ly3zIPTnT0/8RCU6Kg/G3uTICf9sRwYOpUzSIM3503tLIKcnJPRuinHhXngJUy2MntrEf6dlpOHXJju90Qh5w==

clsx@^1.1.0:
  version "1.1.0"
  resolved "https://registry.yarnpkg.com/clsx/-/clsx-1.1.0.tgz#62937c6adfea771247c34b54d320fb99624f5702"
  integrity sha512-3avwM37fSK5oP6M5rQ9CNe99lwxhXDOeSWVPAOYF6OazUTgZCMb0yWlJpmdD74REy1gkEaFiub2ULv4fq9GUhA==

rfdc@^1.1.4:
  version "1.1.4"
  resolved "https://registry.yarnpkg.com/rfdc/-/rfdc-1.1.4.tgz#ba72cc1367a0ccd9cf81a870b3b58bd3ad07f8c2"
  integrity sha512-5C9HXdzK8EAqN7JDif30jqsBzavB7wLpaubisuQIGHWf2gUXSpzy6ArX/+Da8RjFpagWsCn+pIgxTMAmKw9Zug==

uuid@^7.0.3:
  version "7.0.3"
  resolved "https://registry.yarnpkg.com/uuid/-/uuid-7.0.3.tgz#c5c9f2c8cf25dc0a372c4df1441c41f5bd0c680b"
  integrity sha512-DPSke0pXhTZgoF/d+WSt2QaKMCFSfx7QegxEWT+JOuHF5aWrKEn0G+ztjuJg/gG8/ItK+rbPCD/yNv8yyih6Cg==
